
Microsoft Visual Studio Solution File, Format Version 12.00
# Visual Studio Version 16
VisualStudioVersion = 16.0.30114.105
MinimumVisualStudioVersion = 10.0.40219.1
Project("{FAE04EC0-301F-11D3-BF4B-00C04F79EFBC}") = "SolarCosmosUtil", "SolarCosmosUtil\SolarCosmosUtil.csproj", "{8DABEFA1-4BB8-4759-9DF0-94445E29A794}"
EndProject
Global
	GlobalSection(SolutionConfigurationPlatforms) = preSolution
		Debug|Any CPU = Debug|Any CPU
		Release|Any CPU = Release|Any CPU
	EndGlobalSection
	GlobalSection(ProjectConfigurationPlatforms) = postSolution
		{8DABEFA1-4BB8-4759-9DF0-94445E29A794}.Debug|Any CPU.ActiveCfg = Debug|Any CPU
		{8DABEFA1-4BB8-4759-9DF0-94445E29A794}.Debug|Any CPU.Build.0 = Debug|Any CPU
		{8DABEFA1-4BB8-4759-9DF0-94445E29A794}.Release|Any CPU.ActiveCfg = Release|Any CPU
		{8DABEFA1-4BB8-4759-9DF0-94445E29A794}.Release|Any CPU.Build.0 = Release|Any CPU
	EndGlobalSection
	GlobalSection(SolutionProperties) = preSolution
		HideSolutionNode = FALSE
	EndGlobalSection
	GlobalSection(ExtensibilityGlobals) = postSolution
		SolutionGuid = {048FF270-6F2C-4EDD-ABF9-5318A38F9B55}
	EndGlobalSection
EndGlobal
